
Microsoft Visual Studio Solution File, Format Version 12.00
Project("{FAE04EC0-301F-11D3-BF4B-00C04F79EFBC}") = "TalkingClock", "TalkingClock\TalkingClock.csproj", "{D2FF85D4-4AFA-4DE3-AFD5-B3F31B8EA556}"
EndProject
Project("{FAE04EC0-301F-11D3-BF4B-00C04F79EFBC}") = "TalkingClockTests", "TalkingClockTests\TalkingClockTests.csproj", "{F5A76605-70C5-4A71-B57B-50839B300A0E}"
EndProject
Global
	GlobalSection(SolutionConfigurationPlatforms) = preSolution
		Debug|Any CPU = Debug|Any CPU
		Release|Any CPU = Release|Any CPU
	EndGlobalSection
	GlobalSection(ProjectConfigurationPlatforms) = postSolution
		{D2FF85D4-4AFA-4DE3-AFD5-B3F31B8EA556}.Debug|Any CPU.ActiveCfg = Debug|Any CPU
		{D2FF85D4-4AFA-4DE3-AFD5-B3F31B8EA556}.Debug|Any CPU.Build.0 = Debug|Any CPU
		{D2FF85D4-4AFA-4DE3-AFD5-B3F31B8EA556}.Release|Any CPU.ActiveCfg = Release|Any CPU
		{D2FF85D4-4AFA-4DE3-AFD5-B3F31B8EA556}.Release|Any CPU.Build.0 = Release|Any CPU
		{F5A76605-70C5-4A71-B57B-50839B300A0E}.Debug|Any CPU.ActiveCfg = Debug|Any CPU
		{F5A76605-70C5-4A71-B57B-50839B300A0E}.Debug|Any CPU.Build.0 = Debug|Any CPU
		{F5A76605-70C5-4A71-B57B-50839B300A0E}.Release|Any CPU.ActiveCfg = Release|Any CPU
		{F5A76605-70C5-4A71-B57B-50839B300A0E}.Release|Any CPU.Build.0 = Release|Any CPU
	EndGlobalSection
EndGlobal
